{
  "version": 4,
  "terraform_version": "1.15.8",
  "serial": 7,
  "lineage": "9eb5d8cf-7851-4628-a1c0-581b3ce628ba",
  "outputs": {
    "ami_id": {
      "value": "ami-04bb4ddfc0e51bb5e",
      "type": "string"
    },
    "instance_id": {
      "value": "i-039361b55ae33808b",
      "type": "string"
    },
    "private_ip": {
      "value": "172.31.11.1",
      "type": "string"
    },
    "public_ip": {
      "value": "54.116.79.116",
      "type": "string"
    },
    "security_group_id": {
      "value": "sg-0c97415cf43611194",
      "type": "string"
    },
    "ssh_target": {
      "value": "ec2-user@54.116.79.116",
      "type": "string"
    },
    "ssm_start_session_command": {
      "value": "aws ssm start-session --region ap-northeast-2 --target i-039361b55ae33808b",
      "type": "string"
    }
  },
  "resources": [
    {
      "mode": "data",
      "type": "aws_ami",
      "name": "amazon_linux_2023",
      "provider": "provider[\"registry.terraform.io/hashicorp/aws\"]",
      "instances": [
        {
          "index_key": 0,
          "schema_version": 0,
          "attributes": {
            "allow_unsafe_filter": null,
            "architecture": "x86_64",
            "arn": "arn:aws:ec2:ap-northeast-2::image/ami-04bb4ddfc0e51bb5e",
            "block_device_mappings": [
              {
                "device_name": "/dev/xvda",
                "ebs": {
                  "delete_on_termination": "true",
                  "encrypted": "false",
                  "iops": "3000",
                  "snapshot_id": "snap-0120287d55a1a2047",
                  "throughput": "125",
                  "volume_initialization_rate": "0",
                  "volume_size": "8",
                  "volume_type": "gp3"
                },
                "no_device": "",
                "virtual_name": ""
              }
            ],
            "boot_mode": "uefi-preferred",
            "creation_date": "2026-07-25T00:11:51.000Z",
            "deprecation_time": "2026-10-23T02:28:00.000Z",
            "description": "Amazon Linux 2023 AMI 2023.12.20260727.0 x86_64 HVM kernel-6.1",
            "ena_support": true,
            "executable_users": null,
            "filter": [
              {
                "name": "architecture",
                "values": [
                  "x86_64"
                ]
              },
              {
                "name": "name",
                "values": [
                  "al2023-ami-2023.*-kernel-6.1-x86_64"
                ]
              },
              {
                "name": "root-device-type",
                "values": [
                  "ebs"
                ]
              },
              {
                "name": "state",
                "values": [
                  "available"
                ]
              },
              {
                "name": "virtualization-type",
                "values": [
                  "hvm"
                ]
              }
            ],
            "hypervisor": "xen",
            "id": "ami-04bb4ddfc0e51bb5e",
            "image_id": "ami-04bb4ddfc0e51bb5e",
            "image_location": "amazon/al2023-ami-2023.12.20260727.0-kernel-6.1-x86_64",
            "image_owner_alias": "amazon",
            "image_type": "machine",
            "imds_support": "v2.0",
            "include_deprecated": false,
            "kernel_id": "",
            "last_launched_time": "",
            "most_recent": true,
            "name": "al2023-ami-2023.12.20260727.0-kernel-6.1-x86_64",
            "name_regex": null,
            "owner_id": "137112412989",
            "owners": [
              "amazon"
            ],
            "platform": "",
            "platform_details": "Linux/UNIX",
            "product_codes": [],
            "public": true,
            "ramdisk_id": "",
            "region": "ap-northeast-2",
            "root_device_name": "/dev/xvda",
            "root_device_type": "ebs",
            "root_snapshot_id": "snap-0120287d55a1a2047",
            "sriov_net_support": "simple",
            "state": "available",
            "state_reason": {
              "code": "UNSET",
              "message": "UNSET"
            },
            "tags": {},
            "timeouts": null,
            "tpm_support": "",
            "uefi_data": null,
            "usage_operation": "RunInstances",
            "virtualization_type": "hvm"
          },
          "sensitive_attributes": [],
          "identity_schema_version": 0
        }
      ]
    },
    {
      "mode": "data",
      "type": "aws_iam_policy_document",
      "name": "ec2_assume_role",
      "provider": "provider[\"registry.terraform.io/hashicorp/aws\"]",
      "instances": [
        {
          "schema_version": 0,
          "attributes": {
            "id": "2851119427",
            "json": "{\n  \"Version\": \"2012-10-17\",\n  \"Statement\": [\n    {\n      \"Effect\": \"Allow\",\n      \"Action\": \"sts:AssumeRole\",\n      \"Principal\": {\n        \"Service\": \"ec2.amazonaws.com\"\n      }\n    }\n  ]\n}",
            "minified_json": "{\"Version\":\"2012-10-17\",\"Statement\":[{\"Effect\":\"Allow\",\"Action\":\"sts:AssumeRole\",\"Principal\":{\"Service\":\"ec2.amazonaws.com\"}}]}",
            "override_json": null,
            "override_policy_documents": null,
            "policy_id": null,
            "source_json": null,
            "source_policy_documents": null,
            "statement": [
              {
                "actions": [
                  "sts:AssumeRole"
                ],
                "condition": [],
                "effect": "Allow",
                "not_actions": [],
                "not_principals": [],
                "not_resources": [],
                "principals": [
                  {
                    "identifiers": [
                      "ec2.amazonaws.com"
                    ],
                    "type": "Service"
                  }
                ],
                "resources": [],
                "sid": ""
              }
            ],
            "version": "2012-10-17"
          },
          "sensitive_attributes": [],
          "identity_schema_version": 0
        }
      ]
    },
    {
      "mode": "data",
      "type": "aws_subnet",
      "name": "default_az",
      "provider": "provider[\"registry.terraform.io/hashicorp/aws\"]",
      "instances": [
        {
          "index_key": 0,
          "schema_version": 0,
          "attributes": {
            "arn": "arn:aws:ec2:ap-northeast-2:299362456167:subnet/subnet-054a4690d6a3a5e25",
            "assign_ipv6_address_on_creation": false,
            "availability_zone": "ap-northeast-2a",
            "availability_zone_id": "apne2-az1",
            "available_ip_address_count": 4091,
            "cidr_block": "172.31.0.0/20",
            "customer_owned_ipv4_pool": "",
            "default_for_az": true,
            "enable_dns64": false,
            "enable_lni_at_device_index": 0,
            "enable_resource_name_dns_a_record_on_launch": false,
            "enable_resource_name_dns_aaaa_record_on_launch": false,
            "filter": [
              {
                "name": "availability-zone",
                "values": [
                  "ap-northeast-2a"
                ]
              },
              {
                "name": "default-for-az",
                "values": [
                  "true"
                ]
              },
              {
                "name": "vpc-id",
                "values": [
                  "vpc-0b0a41f9cf424ec41"
                ]
              }
            ],
            "id": "subnet-054a4690d6a3a5e25",
            "ipv6_cidr_block": "",
            "ipv6_cidr_block_association_id": "",
            "ipv6_native": false,
            "map_customer_owned_ip_on_launch": false,
            "map_public_ip_on_launch": true,
            "outpost_arn": "",
            "owner_id": "299362456167",
            "private_dns_hostname_type_on_launch": "ip-name",
            "region": "ap-northeast-2",
            "state": "available",
            "tags": {},
            "timeouts": null,
            "vpc_id": "vpc-0b0a41f9cf424ec41"
          },
          "sensitive_attributes": [],
          "identity_schema_version": 0
        }
      ]
    },
    {
      "mode": "data",
      "type": "aws_vpc",
      "name": "default",
      "provider": "provider[\"registry.terraform.io/hashicorp/aws\"]",
      "instances": [
        {
          "index_key": 0,
          "schema_version": 0,
          "attributes": {
            "arn": "arn:aws:ec2:ap-northeast-2:299362456167:vpc/vpc-0b0a41f9cf424ec41",
            "cidr_block": "172.31.0.0/16",
            "cidr_block_associations": [
              {
                "association_id": "vpc-cidr-assoc-0d410b6901ad8aa4f",
                "cidr_block": "172.31.0.0/16",
                "state": "associated"
              }
            ],
            "default": true,
            "dhcp_options_id": "dopt-009b47e5e653d0b3f",
            "enable_dns_hostnames": true,
            "enable_dns_support": true,
            "enable_network_address_usage_metrics": false,
            "filter": null,
            "id": "vpc-0b0a41f9cf424ec41",
            "instance_tenancy": "default",
            "ipv6_association_id": "",
            "ipv6_cidr_block": "",
            "ipv6_cidr_block_associations": [],
            "main_route_table_id": "rtb-0d2356c333c0e33a9",
            "owner_id": "299362456167",
            "region": "ap-northeast-2",
            "state": null,
            "tags": {},
            "timeouts": null
          },
          "sensitive_attributes": [],
          "identity_schema_version": 0
        }
      ]
    },
    {
      "mode": "managed",
      "type": "aws_eip",
      "name": "group_page_origin",
      "provider": "provider[\"registry.terraform.io/hashicorp/aws\"]",
      "instances": [
        {
          "schema_version": 0,
          "attributes": {
            "address": null,
            "allocation_id": "eipalloc-08dac4ccc11826e29",
            "arn": "arn:aws:ec2:ap-northeast-2:299362456167:elastic-ip/eipalloc-08dac4ccc11826e29",
            "associate_with_private_ip": null,
            "association_id": "eipassoc-06d9f6303c2caad0d",
            "carrier_ip": "",
            "customer_owned_ip": "",
            "customer_owned_ipv4_pool": "",
            "domain": "vpc",
            "id": "eipalloc-08dac4ccc11826e29",
            "instance": "i-039361b55ae33808b",
            "ipam_pool_id": "",
            "network_border_group": "ap-northeast-2",
            "network_interface": "eni-0e4503975fb5a0da8",
            "private_dns": "ip-172-31-11-1.ap-northeast-2.compute.internal",
            "private_ip": "172.31.11.1",
            "ptr_record": "",
            "public_dns": "ec2-54-116-79-116.ap-northeast-2.compute.amazonaws.com",
            "public_ip": "54.116.79.116",
            "public_ipv4_pool": "amazon",
            "region": "ap-northeast-2",
            "tags": {
              "Name": "cleaning-ravi-origin-eip"
            },
            "tags_all": {
              "Application": "cleaning-ravi-origin",
              "Environment": "production",
              "ManagedBy": "terraform",
              "Name": "cleaning-ravi-origin-eip",
              "Project": "cleaning-ops"
            },
            "timeouts": null
          },
          "sensitive_attributes": [],
          "identity_schema_version": 0,
          "identity": {
            "account_id": "299362456167",
            "id": "eipalloc-08dac4ccc11826e29",
            "region": "ap-northeast-2"
          },
          "private": "eyJlMmJmYjczMC1lY2FhLTExZTYtOGY4OC0zNDM2M2JjN2M0YzAiOnsiZGVsZXRlIjoxODAwMDAwMDAwMDAsInJlYWQiOjkwMDAwMDAwMDAwMCwidXBkYXRlIjozMDAwMDAwMDAwMDB9fQ==",
          "dependencies": [
            "aws_iam_instance_profile.group_page_origin",
            "aws_iam_role.group_page_origin",
            "aws_iam_role_policy_attachment.ssm",
            "aws_instance.group_page_origin",
            "aws_security_group.group_page_origin",
            "data.aws_ami.amazon_linux_2023",
            "data.aws_iam_policy_document.ec2_assume_role",
            "data.aws_subnet.default_az",
            "data.aws_vpc.default"
          ]
        }
      ]
    },
    {
      "mode": "managed",
      "type": "aws_iam_instance_profile",
      "name": "group_page_origin",
      "provider": "provider[\"registry.terraform.io/hashicorp/aws\"]",
      "instances": [
        {
          "schema_version": 0,
          "attributes": {
            "arn": "arn:aws:iam::299362456167:instance-profile/cleaning-ravi-origin-0bb01e5b917521ef505430a01e",
            "create_date": "2026-07-31T09:44:27Z",
            "id": "cleaning-ravi-origin-0bb01e5b917521ef505430a01e",
            "name": "cleaning-ravi-origin-0bb01e5b917521ef505430a01e",
            "name_prefix": "cleaning-ravi-origin-",
            "path": "/",
            "role": "cleaning-ravi-origin-be829357159acfcb7145947794",
            "tags": {
              "Name": "cleaning-ravi-origin-instance-profile"
            },
            "tags_all": {
              "Application": "cleaning-ravi-origin",
              "Environment": "production",
              "ManagedBy": "terraform",
              "Name": "cleaning-ravi-origin-instance-profile",
              "Project": "cleaning-ops"
            },
            "unique_id": "AIPAULM3ESJT7XGNZTF4C"
          },
          "sensitive_attributes": [],
          "identity_schema_version": 0,
          "identity": {
            "account_id": "299362456167",
            "name": "cleaning-ravi-origin-0bb01e5b917521ef505430a01e"
          },
          "private": "bnVsbA==",
          "dependencies": [
            "aws_iam_role.group_page_origin",
            "data.aws_iam_policy_document.ec2_assume_role"
          ]
        }
      ]
    },
    {
      "mode": "managed",
      "type": "aws_iam_role",
      "name": "group_page_origin",
      "provider": "provider[\"registry.terraform.io/hashicorp/aws\"]",
      "instances": [
        {
          "schema_version": 0,
          "attributes": {
            "arn": "arn:aws:iam::299362456167:role/cleaning-ravi-origin-be829357159acfcb7145947794",
            "assume_role_policy": "{\"Statement\":[{\"Action\":\"sts:AssumeRole\",\"Effect\":\"Allow\",\"Principal\":{\"Service\":\"ec2.amazonaws.com\"}}],\"Version\":\"2012-10-17\"}",
            "create_date": "2026-07-31T09:44:26Z",
            "description": "",
            "force_detach_policies": false,
            "id": "cleaning-ravi-origin-be829357159acfcb7145947794",
            "inline_policy": [],
            "managed_policy_arns": [],
            "max_session_duration": 3600,
            "name": "cleaning-ravi-origin-be829357159acfcb7145947794",
            "name_prefix": "cleaning-ravi-origin-",
            "path": "/",
            "permissions_boundary": "",
            "tags": {
              "Name": "cleaning-ravi-origin-instance-role"
            },
            "tags_all": {
              "Application": "cleaning-ravi-origin",
              "Environment": "production",
              "ManagedBy": "terraform",
              "Name": "cleaning-ravi-origin-instance-role",
              "Project": "cleaning-ops"
            },
            "unique_id": "AROAULM3ESJTVICDFLPRH"
          },
          "sensitive_attributes": [],
          "identity_schema_version": 0,
          "identity": {
            "account_id": "299362456167",
            "name": "cleaning-ravi-origin-be829357159acfcb7145947794"
          },
          "private": "bnVsbA==",
          "dependencies": [
            "data.aws_iam_policy_document.ec2_assume_role"
          ]
        }
      ]
    },
    {
      "mode": "managed",
      "type": "aws_iam_role_policy_attachment",
      "name": "ssm",
      "provider": "provider[\"registry.terraform.io/hashicorp/aws\"]",
      "instances": [
        {
          "schema_version": 0,
          "attributes": {
            "id": "cleaning-ravi-origin-be829357159acfcb7145947794/arn:aws:iam::aws:policy/AmazonSSMManagedInstanceCore",
            "policy_arn": "arn:aws:iam::aws:policy/AmazonSSMManagedInstanceCore",
            "role": "cleaning-ravi-origin-be829357159acfcb7145947794"
          },
          "sensitive_attributes": [],
          "identity_schema_version": 0,
          "identity": {
            "account_id": "299362456167",
            "policy_arn": "arn:aws:iam::aws:policy/AmazonSSMManagedInstanceCore",
            "role": "cleaning-ravi-origin-be829357159acfcb7145947794"
          },
          "private": "bnVsbA==",
          "dependencies": [
            "aws_iam_role.group_page_origin",
            "data.aws_iam_policy_document.ec2_assume_role"
          ]
        }
      ]
    },
    {
      "mode": "managed",
      "type": "aws_instance",
      "name": "group_page_origin",
      "provider": "provider[\"registry.terraform.io/hashicorp/aws\"]",
      "instances": [
        {
          "schema_version": 2,
          "attributes": {
            "ami": "ami-04bb4ddfc0e51bb5e",
            "arn": "arn:aws:ec2:ap-northeast-2:299362456167:instance/i-039361b55ae33808b",
            "associate_public_ip_address": true,
            "availability_zone": "ap-northeast-2a",
            "capacity_reservation_specification": [
              {
                "capacity_reservation_preference": "open",
                "capacity_reservation_target": []
              }
            ],
            "cpu_options": [
              {
                "amd_sev_snp": "",
                "core_count": 1,
                "nested_virtualization": "",
                "threads_per_core": 2
              }
            ],
            "credit_specification": [
              {
                "cpu_credits": "unlimited"
              }
            ],
            "disable_api_stop": false,
            "disable_api_termination": true,
            "ebs_block_device": [],
            "ebs_optimized": false,
            "enable_primary_ipv6": null,
            "enclave_options": [
              {
                "enabled": false
              }
            ],
            "ephemeral_block_device": [],
            "force_destroy": false,
            "get_password_data": false,
            "hibernation": false,
            "host_id": "",
            "host_resource_group_arn": null,
            "iam_instance_profile": "cleaning-ravi-origin-0bb01e5b917521ef505430a01e",
            "id": "i-039361b55ae33808b",
            "instance_initiated_shutdown_behavior": "stop",
            "instance_lifecycle": "",
            "instance_market_options": [],
            "instance_state": "running",
            "instance_type": "t3.small",
            "ipv6_address_count": 0,
            "ipv6_addresses": [],
            "key_name": "cleaning-ravi-20260731",
            "launch_template": [],
            "maintenance_options": [
              {
                "auto_recovery": "default"
              }
            ],
            "metadata_options": [
              {
                "http_endpoint": "enabled",
                "http_protocol_ipv6": "disabled",
                "http_put_response_hop_limit": 1,
                "http_tokens": "required",
                "instance_metadata_tags": "enabled"
              }
            ],
            "monitoring": false,
            "network_interface": [],
            "outpost_arn": "",
            "password_data": "",
            "placement_group": "",
            "placement_group_id": "",
            "placement_partition_number": 0,
            "primary_network_interface": [
              {
                "delete_on_termination": true,
                "network_interface_id": "eni-0e4503975fb5a0da8"
              }
            ],
            "primary_network_interface_id": "eni-0e4503975fb5a0da8",
            "private_dns": "ip-172-31-11-1.ap-northeast-2.compute.internal",
            "private_dns_name_options": [
              {
                "enable_resource_name_dns_a_record": false,
                "enable_resource_name_dns_aaaa_record": false,
                "hostname_type": "ip-name"
              }
            ],
            "private_ip": "172.31.11.1",
            "public_dns": "ec2-3-35-18-38.ap-northeast-2.compute.amazonaws.com",
            "public_ip": "3.35.18.38",
            "region": "ap-northeast-2",
            "root_block_device": [
              {
                "delete_on_termination": false,
                "device_name": "/dev/xvda",
                "encrypted": true,
                "iops": 3000,
                "kms_key_id": "arn:aws:kms:ap-northeast-2:299362456167:key/0b974952-5f1e-4d0a-8f31-3b91f3d65fd2",
                "tags": {
                  "Name": "cleaning-ravi-origin-root"
                },
                "tags_all": {
                  "Application": "cleaning-ravi-origin",
                  "Environment": "production",
                  "ManagedBy": "terraform",
                  "Name": "cleaning-ravi-origin-root",
                  "Project": "cleaning-ops"
                },
                "throughput": 125,
                "volume_id": "vol-02f0a48dbe93fa6a3",
                "volume_size": 40,
                "volume_type": "gp3"
              }
            ],
            "secondary_network_interface": [],
            "secondary_private_ips": [],
            "security_groups": [
              "cleaning-ravi-origin-e8e3fd08950103f50858633a67"
            ],
            "source_dest_check": true,
            "spot_instance_request_id": "",
            "subnet_id": "subnet-054a4690d6a3a5e25",
            "tags": {
              "App": "group-page-origin",
              "Name": "cleaning-ravi-origin",
              "Purpose": "naver-project-group-pages"
            },
            "tags_all": {
              "App": "group-page-origin",
              "Application": "cleaning-ravi-origin",
              "Environment": "production",
              "ManagedBy": "terraform",
              "Name": "cleaning-ravi-origin",
              "Project": "cleaning-ops",
              "Purpose": "naver-project-group-pages"
            },
            "tenancy": "default",
            "timeouts": null,
            "user_data": "#!/bin/bash\r\nset -euo pipefail\r\n\r\ndnf install -y \\\r\n  git \\\r\n  gzip \\\r\n  jq \\\r\n  nginx \\\r\n  nodejs22 \\\r\n  rsync \\\r\n  tar\r\n\r\ninstall -d -o ec2-user -g ec2-user \\\r\n  /srv/group-page-origin/sites \\\r\n  /srv/group-page-origin/shared \\\r\n  /opt/group-page-origin\r\n\r\nsystemctl enable --now nginx\r\nsystemctl enable --now amazon-ssm-agent\r\nnginx -t\r\n",
            "user_data_base64": null,
            "user_data_replace_on_change": false,
            "volume_tags": null,
            "vpc_security_group_ids": [
              "sg-0c97415cf43611194"
            ]
          },
          "sensitive_attributes": [],
          "identity_schema_version": 0,
          "identity": {
            "account_id": "299362456167",
            "id": "i-039361b55ae33808b",
            "region": "ap-northeast-2"
          },
          "private": "eyJlMmJmYjczMC1lY2FhLTExZTYtOGY4OC0zNDM2M2JjN2M0YzAiOnsiY3JlYXRlIjo2MDAwMDAwMDAwMDAsImRlbGV0ZSI6MTIwMDAwMDAwMDAwMCwicmVhZCI6OTAwMDAwMDAwMDAwLCJ1cGRhdGUiOjYwMDAwMDAwMDAwMH0sInNjaGVtYV92ZXJzaW9uIjoiMiJ9",
          "dependencies": [
            "aws_iam_instance_profile.group_page_origin",
            "aws_iam_role.group_page_origin",
            "aws_iam_role_policy_attachment.ssm",
            "aws_security_group.group_page_origin",
            "data.aws_ami.amazon_linux_2023",
            "data.aws_iam_policy_document.ec2_assume_role",
            "data.aws_subnet.default_az",
            "data.aws_vpc.default"
          ]
        }
      ]
    },
    {
      "mode": "managed",
      "type": "aws_security_group",
      "name": "group_page_origin",
      "provider": "provider[\"registry.terraform.io/hashicorp/aws\"]",
      "instances": [
        {
          "schema_version": 1,
          "attributes": {
            "arn": "arn:aws:ec2:ap-northeast-2:299362456167:security-group/sg-0c97415cf43611194",
            "description": "Group page EC2 origin access",
            "egress": [
              {
                "cidr_blocks": [
                  "0.0.0.0/0"
                ],
                "description": "Outbound traffic",
                "from_port": 0,
                "ipv6_cidr_blocks": [
                  "::/0"
                ],
                "prefix_list_ids": [],
                "protocol": "-1",
                "security_groups": [],
                "self": false,
                "to_port": 0
              }
            ],
            "id": "sg-0c97415cf43611194",
            "ingress": [
              {
                "cidr_blocks": [
                  "103.21.244.0/22"
                ],
                "description": "Cloudflare HTTP proxy",
                "from_port": 80,
                "ipv6_cidr_blocks": [],
                "prefix_list_ids": [],
                "protocol": "tcp",
                "security_groups": [],
                "self": false,
                "to_port": 80
              },
              {
                "cidr_blocks": [
                  "103.21.244.0/22"
                ],
                "description": "Cloudflare HTTPS proxy",
                "from_port": 443,
                "ipv6_cidr_blocks": [],
                "prefix_list_ids": [],
                "protocol": "tcp",
                "security_groups": [],
                "self": false,
                "to_port": 443
              },
              {
                "cidr_blocks": [
                  "103.22.200.0/22"
                ],
                "description": "Cloudflare HTTP proxy",
                "from_port": 80,
                "ipv6_cidr_blocks": [],
                "prefix_list_ids": [],
                "protocol": "tcp",
                "security_groups": [],
                "self": false,
                "to_port": 80
              },
              {
                "cidr_blocks": [
                  "103.22.200.0/22"
                ],
                "description": "Cloudflare HTTPS proxy",
                "from_port": 443,
                "ipv6_cidr_blocks": [],
                "prefix_list_ids": [],
                "protocol": "tcp",
                "security_groups": [],
                "self": false,
                "to_port": 443
              },
              {
                "cidr_blocks": [
                  "103.31.4.0/22"
                ],
                "description": "Cloudflare HTTP proxy",
                "from_port": 80,
                "ipv6_cidr_blocks": [],
                "prefix_list_ids": [],
                "protocol": "tcp",
                "security_groups": [],
                "self": false,
                "to_port": 80
              },
              {
                "cidr_blocks": [
                  "103.31.4.0/22"
                ],
                "description": "Cloudflare HTTPS proxy",
                "from_port": 443,
                "ipv6_cidr_blocks": [],
                "prefix_list_ids": [],
                "protocol": "tcp",
                "security_groups": [],
                "self": false,
                "to_port": 443
              },
              {
                "cidr_blocks": [
                  "104.16.0.0/13"
                ],
                "description": "Cloudflare HTTP proxy",
                "from_port": 80,
                "ipv6_cidr_blocks": [],
                "prefix_list_ids": [],
                "protocol": "tcp",
                "security_groups": [],
                "self": false,
                "to_port": 80
              },
              {
                "cidr_blocks": [
                  "104.16.0.0/13"
                ],
                "description": "Cloudflare HTTPS proxy",
                "from_port": 443,
                "ipv6_cidr_blocks": [],
                "prefix_list_ids": [],
                "protocol": "tcp",
                "security_groups": [],
                "self": false,
                "to_port": 443
              },
              {
                "cidr_blocks": [
                  "104.24.0.0/14"
                ],
                "description": "Cloudflare HTTP proxy",
                "from_port": 80,
                "ipv6_cidr_blocks": [],
                "prefix_list_ids": [],
                "protocol": "tcp",
                "security_groups": [],
                "self": false,
                "to_port": 80
              },
              {
                "cidr_blocks": [
                  "104.24.0.0/14"
                ],
                "description": "Cloudflare HTTPS proxy",
                "from_port": 443,
                "ipv6_cidr_blocks": [],
                "prefix_list_ids": [],
                "protocol": "tcp",
                "security_groups": [],
                "self": false,
                "to_port": 443
              },
              {
                "cidr_blocks": [
                  "108.162.192.0/18"
                ],
                "description": "Cloudflare HTTP proxy",
                "from_port": 80,
                "ipv6_cidr_blocks": [],
                "prefix_list_ids": [],
                "protocol": "tcp",
                "security_groups": [],
                "self": false,
                "to_port": 80
              },
              {
                "cidr_blocks": [
                  "108.162.192.0/18"
                ],
                "description": "Cloudflare HTTPS proxy",
                "from_port": 443,
                "ipv6_cidr_blocks": [],
                "prefix_list_ids": [],
                "protocol": "tcp",
                "security_groups": [],
                "self": false,
                "to_port": 443
              },
              {
                "cidr_blocks": [
                  "131.0.72.0/22"
                ],
                "description": "Cloudflare HTTP proxy",
                "from_port": 80,
                "ipv6_cidr_blocks": [],
                "prefix_list_ids": [],
                "protocol": "tcp",
                "security_groups": [],
                "self": false,
                "to_port": 80
              },
              {
                "cidr_blocks": [
                  "131.0.72.0/22"
                ],
                "description": "Cloudflare HTTPS proxy",
                "from_port": 443,
                "ipv6_cidr_blocks": [],
                "prefix_list_ids": [],
                "protocol": "tcp",
                "security_groups": [],
                "self": false,
                "to_port": 443
              },
              {
                "cidr_blocks": [
                  "141.101.64.0/18"
                ],
                "description": "Cloudflare HTTP proxy",
                "from_port": 80,
                "ipv6_cidr_blocks": [],
                "prefix_list_ids": [],
                "protocol": "tcp",
                "security_groups": [],
                "self": false,
                "to_port": 80
              },
              {
                "cidr_blocks": [
                  "141.101.64.0/18"
                ],
                "description": "Cloudflare HTTPS proxy",
                "from_port": 443,
                "ipv6_cidr_blocks": [],
                "prefix_list_ids": [],
                "protocol": "tcp",
                "security_groups": [],
                "self": false,
                "to_port": 443
              },
              {
                "cidr_blocks": [
                  "162.158.0.0/15"
                ],
                "description": "Cloudflare HTTP proxy",
                "from_port": 80,
                "ipv6_cidr_blocks": [],
                "prefix_list_ids": [],
                "protocol": "tcp",
                "security_groups": [],
                "self": false,
                "to_port": 80
              },
              {
                "cidr_blocks": [
                  "162.158.0.0/15"
                ],
                "description": "Cloudflare HTTPS proxy",
                "from_port": 443,
                "ipv6_cidr_blocks": [],
                "prefix_list_ids": [],
                "protocol": "tcp",
                "security_groups": [],
                "self": false,
                "to_port": 443
              },
              {
                "cidr_blocks": [
                  "172.64.0.0/13"
                ],
                "description": "Cloudflare HTTP proxy",
                "from_port": 80,
                "ipv6_cidr_blocks": [],
                "prefix_list_ids": [],
                "protocol": "tcp",
                "security_groups": [],
                "self": false,
                "to_port": 80
              },
              {
                "cidr_blocks": [
                  "172.64.0.0/13"
                ],
                "description": "Cloudflare HTTPS proxy",
                "from_port": 443,
                "ipv6_cidr_blocks": [],
                "prefix_list_ids": [],
                "protocol": "tcp",
                "security_groups": [],
                "self": false,
                "to_port": 443
              },
              {
                "cidr_blocks": [
                  "173.245.48.0/20"
                ],
                "description": "Cloudflare HTTP proxy",
                "from_port": 80,
                "ipv6_cidr_blocks": [],
                "prefix_list_ids": [],
                "protocol": "tcp",
                "security_groups": [],
                "self": false,
                "to_port": 80
              },
              {
                "cidr_blocks": [
                  "173.245.48.0/20"
                ],
                "description": "Cloudflare HTTPS proxy",
                "from_port": 443,
                "ipv6_cidr_blocks": [],
                "prefix_list_ids": [],
                "protocol": "tcp",
                "security_groups": [],
                "self": false,
                "to_port": 443
              },
              {
                "cidr_blocks": [
                  "188.114.96.0/20"
                ],
                "description": "Cloudflare HTTP proxy",
                "from_port": 80,
                "ipv6_cidr_blocks": [],
                "prefix_list_ids": [],
                "protocol": "tcp",
                "security_groups": [],
                "self": false,
                "to_port": 80
              },
              {
                "cidr_blocks": [
                  "188.114.96.0/20"
                ],
                "description": "Cloudflare HTTPS proxy",
                "from_port": 443,
                "ipv6_cidr_blocks": [],
                "prefix_list_ids": [],
                "protocol": "tcp",
                "security_groups": [],
                "self": false,
                "to_port": 443
              },
              {
                "cidr_blocks": [
                  "190.93.240.0/20"
                ],
                "description": "Cloudflare HTTP proxy",
                "from_port": 80,
                "ipv6_cidr_blocks": [],
                "prefix_list_ids": [],
                "protocol": "tcp",
                "security_groups": [],
                "self": false,
                "to_port": 80
              },
              {
                "cidr_blocks": [
                  "190.93.240.0/20"
                ],
                "description": "Cloudflare HTTPS proxy",
                "from_port": 443,
                "ipv6_cidr_blocks": [],
                "prefix_list_ids": [],
                "protocol": "tcp",
                "security_groups": [],
                "self": false,
                "to_port": 443
              },
              {
                "cidr_blocks": [
                  "197.234.240.0/22"
                ],
                "description": "Cloudflare HTTP proxy",
                "from_port": 80,
                "ipv6_cidr_blocks": [],
                "prefix_list_ids": [],
                "protocol": "tcp",
                "security_groups": [],
                "self": false,
                "to_port": 80
              },
              {
                "cidr_blocks": [
                  "197.234.240.0/22"
                ],
                "description": "Cloudflare HTTPS proxy",
                "from_port": 443,
                "ipv6_cidr_blocks": [],
                "prefix_list_ids": [],
                "protocol": "tcp",
                "security_groups": [],
                "self": false,
                "to_port": 443
              },
              {
                "cidr_blocks": [
                  "198.41.128.0/17"
                ],
                "description": "Cloudflare HTTP proxy",
                "from_port": 80,
                "ipv6_cidr_blocks": [],
                "prefix_list_ids": [],
                "protocol": "tcp",
                "security_groups": [],
                "self": false,
                "to_port": 80
              },
              {
                "cidr_blocks": [
                  "198.41.128.0/17"
                ],
                "description": "Cloudflare HTTPS proxy",
                "from_port": 443,
                "ipv6_cidr_blocks": [],
                "prefix_list_ids": [],
                "protocol": "tcp",
                "security_groups": [],
                "self": false,
                "to_port": 443
              },
              {
                "cidr_blocks": [],
                "description": "Cloudflare HTTP proxy IPv6",
                "from_port": 80,
                "ipv6_cidr_blocks": [
                  "2400:cb00::/32"
                ],
                "prefix_list_ids": [],
                "protocol": "tcp",
                "security_groups": [],
                "self": false,
                "to_port": 80
              },
              {
                "cidr_blocks": [],
                "description": "Cloudflare HTTP proxy IPv6",
                "from_port": 80,
                "ipv6_cidr_blocks": [
                  "2405:8100::/32"
                ],
                "prefix_list_ids": [],
                "protocol": "tcp",
                "security_groups": [],
                "self": false,
                "to_port": 80
              },
              {
                "cidr_blocks": [],
                "description": "Cloudflare HTTP proxy IPv6",
                "from_port": 80,
                "ipv6_cidr_blocks": [
                  "2405:b500::/32"
                ],
                "prefix_list_ids": [],
                "protocol": "tcp",
                "security_groups": [],
                "self": false,
                "to_port": 80
              },
              {
                "cidr_blocks": [],
                "description": "Cloudflare HTTP proxy IPv6",
                "from_port": 80,
                "ipv6_cidr_blocks": [
                  "2606:4700::/32"
                ],
                "prefix_list_ids": [],
                "protocol": "tcp",
                "security_groups": [],
                "self": false,
                "to_port": 80
              },
              {
                "cidr_blocks": [],
                "description": "Cloudflare HTTP proxy IPv6",
                "from_port": 80,
                "ipv6_cidr_blocks": [
                  "2803:f800::/32"
                ],
                "prefix_list_ids": [],
                "protocol": "tcp",
                "security_groups": [],
                "self": false,
                "to_port": 80
              },
              {
                "cidr_blocks": [],
                "description": "Cloudflare HTTP proxy IPv6",
                "from_port": 80,
                "ipv6_cidr_blocks": [
                  "2a06:98c0::/29"
                ],
                "prefix_list_ids": [],
                "protocol": "tcp",
                "security_groups": [],
                "self": false,
                "to_port": 80
              },
              {
                "cidr_blocks": [],
                "description": "Cloudflare HTTP proxy IPv6",
                "from_port": 80,
                "ipv6_cidr_blocks": [
                  "2c0f:f248::/32"
                ],
                "prefix_list_ids": [],
                "protocol": "tcp",
                "security_groups": [],
                "self": false,
                "to_port": 80
              },
              {
                "cidr_blocks": [],
                "description": "Cloudflare HTTPS proxy IPv6",
                "from_port": 443,
                "ipv6_cidr_blocks": [
                  "2400:cb00::/32"
                ],
                "prefix_list_ids": [],
                "protocol": "tcp",
                "security_groups": [],
                "self": false,
                "to_port": 443
              },
              {
                "cidr_blocks": [],
                "description": "Cloudflare HTTPS proxy IPv6",
                "from_port": 443,
                "ipv6_cidr_blocks": [
                  "2405:8100::/32"
                ],
                "prefix_list_ids": [],
                "protocol": "tcp",
                "security_groups": [],
                "self": false,
                "to_port": 443
              },
              {
                "cidr_blocks": [],
                "description": "Cloudflare HTTPS proxy IPv6",
                "from_port": 443,
                "ipv6_cidr_blocks": [
                  "2405:b500::/32"
                ],
                "prefix_list_ids": [],
                "protocol": "tcp",
                "security_groups": [],
                "self": false,
                "to_port": 443
              },
              {
                "cidr_blocks": [],
                "description": "Cloudflare HTTPS proxy IPv6",
                "from_port": 443,
                "ipv6_cidr_blocks": [
                  "2606:4700::/32"
                ],
                "prefix_list_ids": [],
                "protocol": "tcp",
                "security_groups": [],
                "self": false,
                "to_port": 443
              },
              {
                "cidr_blocks": [],
                "description": "Cloudflare HTTPS proxy IPv6",
                "from_port": 443,
                "ipv6_cidr_blocks": [
                  "2803:f800::/32"
                ],
                "prefix_list_ids": [],
                "protocol": "tcp",
                "security_groups": [],
                "self": false,
                "to_port": 443
              },
              {
                "cidr_blocks": [],
                "description": "Cloudflare HTTPS proxy IPv6",
                "from_port": 443,
                "ipv6_cidr_blocks": [
                  "2a06:98c0::/29"
                ],
                "prefix_list_ids": [],
                "protocol": "tcp",
                "security_groups": [],
                "self": false,
                "to_port": 443
              },
              {
                "cidr_blocks": [],
                "description": "Cloudflare HTTPS proxy IPv6",
                "from_port": 443,
                "ipv6_cidr_blocks": [
                  "2c0f:f248::/32"
                ],
                "prefix_list_ids": [],
                "protocol": "tcp",
                "security_groups": [],
                "self": false,
                "to_port": 443
              }
            ],
            "name": "cleaning-ravi-origin-e8e3fd08950103f50858633a67",
            "name_prefix": "cleaning-ravi-origin-",
            "owner_id": "299362456167",
            "region": "ap-northeast-2",
            "revoke_rules_on_delete": false,
            "tags": {
              "Name": "cleaning-ravi-origin-security-group"
            },
            "tags_all": {
              "Application": "cleaning-ravi-origin",
              "Environment": "production",
              "ManagedBy": "terraform",
              "Name": "cleaning-ravi-origin-security-group",
              "Project": "cleaning-ops"
            },
            "timeouts": null,
            "vpc_id": "vpc-0b0a41f9cf424ec41"
          },
          "sensitive_attributes": [],
          "identity_schema_version": 0,
          "identity": {
            "account_id": "299362456167",
            "id": "sg-0c97415cf43611194",
            "region": "ap-northeast-2"
          },
          "private": "eyJlMmJmYjczMC1lY2FhLTExZTYtOGY4OC0zNDM2M2JjN2M0YzAiOnsiY3JlYXRlIjo2MDAwMDAwMDAwMDAsImRlbGV0ZSI6OTAwMDAwMDAwMDAwfSwic2NoZW1hX3ZlcnNpb24iOiIxIn0=",
          "dependencies": [
            "data.aws_vpc.default"
          ],
          "create_before_destroy": true
        }
      ]
    }
  ],
  "check_results": [
    {
      "object_kind": "var",
      "config_addr": "var.project_name",
      "status": "pass",
      "objects": [
        {
          "object_addr": "var.project_name",
          "status": "pass"
        }
      ]
    },
    {
      "object_kind": "var",
      "config_addr": "var.ssh_ingress_ipv4_cidrs",
      "status": "pass",
      "objects": [
        {
          "object_addr": "var.ssh_ingress_ipv4_cidrs",
          "status": "pass"
        }
      ]
    },
    {
      "object_kind": "var",
      "config_addr": "var.direct_web_ingress_ipv4_cidrs",
      "status": "pass",
      "objects": [
        {
          "object_addr": "var.direct_web_ingress_ipv4_cidrs",
          "status": "pass"
        }
      ]
    },
    {
      "object_kind": "var",
      "config_addr": "var.ami_id",
      "status": "pass",
      "objects": [
        {
          "object_addr": "var.ami_id",
          "status": "pass"
        }
      ]
    },
    {
      "object_kind": "var",
      "config_addr": "var.root_volume_size_gib",
      "status": "pass",
      "objects": [
        {
          "object_addr": "var.root_volume_size_gib",
          "status": "pass"
        }
      ]
    }
  ]
}
